
Microsoft Visual Studio Solution File, Format Version 12.00
# Visual Studio Version 16
VisualStudioVersion = 16.0.30907.101
MinimumVisualStudioVersion = 10.0.40219.1
Project("{FAE04EC0-301F-11D3-BF4B-00C04F79EFBC}") = "Final", "Final\Final.csproj", "{D8AC4339-9C9E-40E1-BBC4-DF89BE33E88E}"
EndProject
Global
	GlobalSection(SolutionConfigurationPlatforms) = preSolution
		Debug|Any CPU = Debug|Any CPU
		Release|Any CPU = Release|Any CPU
	EndGlobalSection
	GlobalSection(ProjectConfigurationPlatforms) = postSolution
		{D8AC4339-9C9E-40E1-BBC4-DF89BE33E88E}.Debug|Any CPU.ActiveCfg = Debug|Any CPU
		{D8AC4339-9C9E-40E1-BBC4-DF89BE33E88E}.Debug|Any CPU.Build.0 = Debug|Any CPU
		{D8AC4339-9C9E-40E1-BBC4-DF89BE33E88E}.Release|Any CPU.ActiveCfg = Release|Any CPU
		{D8AC4339-9C9E-40E1-BBC4-DF89BE33E88E}.Release|Any CPU.Build.0 = Release|Any CPU
	EndGlobalSection
	GlobalSection(SolutionProperties) = preSolution
		HideSolutionNode = FALSE
	EndGlobalSection
	GlobalSection(ExtensibilityGlobals) = postSolution
		SolutionGuid = {49ED19EF-F4CF-4FC3-9DA9-26780A980B97}
	EndGlobalSection
EndGlobal
